// !$*UTF8*$!
{
	archiveVersion = 1;
	classes = {
	};
	objectVersion = 56;
	objects = {

/* Begin PBXBuildFile section */
		E40652112BA27279007A493F /* ImageViewer.storyboard in Resources */ = {isa = PBXBuildFile; fileRef = E40652102BA27279007A493F /* ImageViewer.storyboard */; };
		E417306C2BA0CBF1009B1F28 /* AppDelegate.swift in Sources */ = {isa = PBXBuildFile; fileRef = E417306B2BA0CBF1009B1F28 /* AppDelegate.swift */; };
		E417306E2BA0CBF1009B1F28 /* SceneDelegate.swift in Sources */ = {isa = PBXBuildFile; fileRef = E417306D2BA0CBF1009B1F28 /* SceneDelegate.swift */; };
		E41730702BA0CBF1009B1F28 /* OnboardingViewController.swift in Sources */ = {isa = PBXBuildFile; fileRef = E417306F2BA0CBF1009B1F28 /* OnboardingViewController.swift */; };
		E41730732BA0CBF1009B1F28 /* Base in Resources */ = {isa = PBXBuildFile; fileRef = E41730722BA0CBF1009B1F28 /* Base */; };
		E41730752BA0CBF2009B1F28 /* Assets.xcassets in Resources */ = {isa = PBXBuildFile; fileRef = E41730742BA0CBF2009B1F28 /* Assets.xcassets */; };
		E41730782BA0CBF2009B1F28 /* Base in Resources */ = {isa = PBXBuildFile; fileRef = E41730772BA0CBF2009B1F28 /* Base */; };
		E42A9D042BA205EF006F64C3 /* ImageViewerViewController.swift in Sources */ = {isa = PBXBuildFile; fileRef = E42A9D032BA205EF006F64C3 /* ImageViewerViewController.swift */; };
		E42A9D062BA20669006F64C3 /* ImageViewerInteractor .swift in Sources */ = {isa = PBXBuildFile; fileRef = E42A9D052BA20669006F64C3 /* ImageViewerInteractor .swift */; };
		E42A9D082BA20684006F64C3 /* ImageViewerPresenter.swift in Sources */ = {isa = PBXBuildFile; fileRef = E42A9D072BA20684006F64C3 /* ImageViewerPresenter.swift */; };
		E42A9D0A2BA2069D006F64C3 /* ImageViewerRouter.swift in Sources */ = {isa = PBXBuildFile; fileRef = E42A9D092BA2069D006F64C3 /* ImageViewerRouter.swift */; };
		E42A9D0C2BA206B9006F64C3 /* ImageViewerModuleBuilder.swift in Sources */ = {isa = PBXBuildFile; fileRef = E42A9D0B2BA206B9006F64C3 /* ImageViewerModuleBuilder.swift */; };
		E435EC3F2BA1080C00AF165B /* DateService.swift in Sources */ = {isa = PBXBuildFile; fileRef = E435EC3E2BA1080C00AF165B /* DateService.swift */; };
		E435EC412BA1084000AF165B /* WeatherService.swift in Sources */ = {isa = PBXBuildFile; fileRef = E435EC402BA1084000AF165B /* WeatherService.swift */; };
		E435EC442BA1195E00AF165B /* OnboardingPresenter.swift in Sources */ = {isa = PBXBuildFile; fileRef = E435EC432BA1195E00AF165B /* OnboardingPresenter.swift */; };
		E435EC462BA11B6500AF165B /* OnboardingRouter.swift in Sources */ = {isa = PBXBuildFile; fileRef = E435EC452BA11B6500AF165B /* OnboardingRouter.swift */; };
		E435EC482BA1232C00AF165B /* OnboardingInteractor.swift in Sources */ = {isa = PBXBuildFile; fileRef = E435EC472BA1232C00AF165B /* OnboardingInteractor.swift */; };
		E435EC4A2BA1244B00AF165B /* OnboardingModuleBuilder.swift in Sources */ = {isa = PBXBuildFile; fileRef = E435EC492BA1244B00AF165B /* OnboardingModuleBuilder.swift */; };
/* End PBXBuildFile section */

/* Begin PBXFileReference section */
		E40652102BA27279007A493F /* ImageViewer.storyboard */ = {isa = PBXFileReference; lastKnownFileType = file.storyboard; path = ImageViewer.storyboard; sourceTree = "<group>"; };
		E41730682BA0CBF1009B1F28 /* VIPER.app */ = {isa = PBXFileReference; explicitFileType = wrapper.application; includeInIndex = 0; path = VIPER.app; sourceTree = BUILT_PRODUCTS_DIR; };
		E417306B2BA0CBF1009B1F28 /* AppDelegate.swift */ = {isa = PBXFileReference; lastKnownFileType = sourcecode.swift; path = AppDelegate.swift; sourceTree = "<group>"; };
		E417306D2BA0CBF1009B1F28 /* SceneDelegate.swift */ = {isa = PBXFileReference; lastKnownFileType = sourcecode.swift; path = SceneDelegate.swift; sourceTree = "<group>"; };
		E417306F2BA0CBF1009B1F28 /* OnboardingViewController.swift */ = {isa = PBXFileReference; lastKnownFileType = sourcecode.swift; path = OnboardingViewController.swift; sourceTree = "<group>"; };
		E41730722BA0CBF1009B1F28 /* Base */ = {isa = PBXFileReference; lastKnownFileType = file.storyboard; name = Base; path = Base.lproj/Main.storyboard; sourceTree = "<group>"; };
		E41730742BA0CBF2009B1F28 /* Assets.xcassets */ = {isa = PBXFileReference; lastKnownFileType = folder.assetcatalog; path = Assets.xcassets; sourceTree = "<group>"; };
		E41730772BA0CBF2009B1F28 /* Base */ = {isa = PBXFileReference; lastKnownFileType = file.storyboard; name = Base; path = Base.lproj/LaunchScreen.storyboard; sourceTree = "<group>"; };
		E41730792BA0CBF2009B1F28 /* Info.plist */ = {isa = PBXFileReference; lastKnownFileType = text.plist.xml; path = Info.plist; sourceTree = "<group>"; };
		E42A9D032BA205EF006F64C3 /* ImageViewerViewController.swift */ = {isa = PBXFileReference; lastKnownFileType = sourcecode.swift; path = ImageViewerViewController.swift; sourceTree = "<group>"; };
		E42A9D052BA20669006F64C3 /* ImageViewerInteractor .swift */ = {isa = PBXFileReference; lastKnownFileType = sourcecode.swift; path = "ImageViewerInteractor .swift"; sourceTree = "<group>"; };
		E42A9D072BA20684006F64C3 /* ImageViewerPresenter.swift */ = {isa = PBXFileReference; lastKnownFileType = sourcecode.swift; path = ImageViewerPresenter.swift; sourceTree = "<group>"; };
		E42A9D092BA2069D006F64C3 /* ImageViewerRouter.swift */ = {isa = PBXFileReference; lastKnownFileType = sourcecode.swift; path = ImageViewerRouter.swift; sourceTree = "<group>"; };
		E42A9D0B2BA206B9006F64C3 /* ImageViewerModuleBuilder.swift */ = {isa = PBXFileReference; lastKnownFileType = sourcecode.swift; path = ImageViewerModuleBuilder.swift; sourceTree = "<group>"; };
		E435EC3E2BA1080C00AF165B /* DateService.swift */ = {isa = PBXFileReference; lastKnownFileType = sourcecode.swift; path = DateService.swift; sourceTree = "<group>"; };
		E435EC402BA1084000AF165B /* WeatherService.swift */ = {isa = PBXFileReference; lastKnownFileType = sourcecode.swift; path = WeatherService.swift; sourceTree = "<group>"; };
		E435EC432BA1195E00AF165B /* OnboardingPresenter.swift */ = {isa = PBXFileReference; lastKnownFileType = sourcecode.swift; path = OnboardingPresenter.swift; sourceTree = "<group>"; };
		E435EC452BA11B6500AF165B /* OnboardingRouter.swift */ = {isa = PBXFileReference; lastKnownFileType = sourcecode.swift; path = OnboardingRouter.swift; sourceTree = "<group>"; };
		E435EC472BA1232C00AF165B /* OnboardingInteractor.swift */ = {isa = PBXFileReference; lastKnownFileType = sourcecode.swift; path = OnboardingInteractor.swift; sourceTree = "<group>"; };
		E435EC492BA1244B00AF165B /* OnboardingModuleBuilder.swift */ = {isa = PBXFileReference; lastKnownFileType = sourcecode.swift; path = OnboardingModuleBuilder.swift; sourceTree = "<group>"; };
/* End PBXFileReference section */

/* Begin PBXFrameworksBuildPhase section */
		E41730652BA0CBF1009B1F28 /* Frameworks */ = {
			isa = PBXFrameworksBuildPhase;
			buildActionMask = 2147483647;
			files = (
			);
			runOnlyForDeploymentPostprocessing = 0;
		};
/* End PBXFrameworksBuildPhase section */

/* Begin PBXGroup section */
		E417305F2BA0CBF1009B1F28 = {
			isa = PBXGroup;
			children = (
				E417306A2BA0CBF1009B1F28 /* VIPER */,
				E41730692BA0CBF1009B1F28 /* Products */,
			);
			sourceTree = "<group>";
		};
		E41730692BA0CBF1009B1F28 /* Products */ = {
			isa = PBXGroup;
			children = (
				E41730682BA0CBF1009B1F28 /* VIPER.app */,
			);
			name = Products;
			sourceTree = "<group>";
		};
		E417306A2BA0CBF1009B1F28 /* VIPER */ = {
			isa = PBXGroup;
			children = (
				E4233EDB2BA1D3980093ACCD /* ImageViewer */,
				E435EC422BA117FF00AF165B /* Onboarding */,
				E435EC3D2BA107FC00AF165B /* API */,
				E417307F2BA0CBFB009B1F28 /* Application */,
				E41730802BA0CC79009B1F28 /* Resources */,
			);
			path = VIPER;
			sourceTree = "<group>";
		};
		E417307F2BA0CBFB009B1F28 /* Application */ = {
			isa = PBXGroup;
			children = (
				E417306B2BA0CBF1009B1F28 /* AppDelegate.swift */,
				E417306D2BA0CBF1009B1F28 /* SceneDelegate.swift */,
			);
			path = Application;
			sourceTree = "<group>";
		};
		E41730802BA0CC79009B1F28 /* Resources */ = {
			isa = PBXGroup;
			children = (
				E41730742BA0CBF2009B1F28 /* Assets.xcassets */,
				E41730762BA0CBF2009B1F28 /* LaunchScreen.storyboard */,
				E41730792BA0CBF2009B1F28 /* Info.plist */,
			);
			path = Resources;
			sourceTree = "<group>";
		};
		E4233EDB2BA1D3980093ACCD /* ImageViewer */ = {
			isa = PBXGroup;
			children = (
				E42A9D032BA205EF006F64C3 /* ImageViewerViewController.swift */,
				E42A9D052BA20669006F64C3 /* ImageViewerInteractor .swift */,
				E42A9D072BA20684006F64C3 /* ImageViewerPresenter.swift */,
				E42A9D092BA2069D006F64C3 /* ImageViewerRouter.swift */,
				E42A9D0B2BA206B9006F64C3 /* ImageViewerModuleBuilder.swift */,
				E40652102BA27279007A493F /* ImageViewer.storyboard */,
			);
			path = ImageViewer;
			sourceTree = "<group>";
		};
		E435EC3D2BA107FC00AF165B /* API */ = {
			isa = PBXGroup;
			children = (
				E435EC3E2BA1080C00AF165B /* DateService.swift */,
				E435EC402BA1084000AF165B /* WeatherService.swift */,
			);
			path = API;
			sourceTree = "<group>";
		};
		E435EC422BA117FF00AF165B /* Onboarding */ = {
			isa = PBXGroup;
			children = (
				E417306F2BA0CBF1009B1F28 /* OnboardingViewController.swift */,
				E435EC472BA1232C00AF165B /* OnboardingInteractor.swift */,
				E435EC432BA1195E00AF165B /* OnboardingPresenter.swift */,
				E435EC452BA11B6500AF165B /* OnboardingRouter.swift */,
				E435EC492BA1244B00AF165B /* OnboardingModuleBuilder.swift */,
				E41730712BA0CBF1009B1F28 /* Main.storyboard */,
			);
			path = Onboarding;
			sourceTree = "<group>";
		};
/* End PBXGroup section */

/* Begin PBXNativeTarget section */
		E41730672BA0CBF1009B1F28 /* VIPER */ = {
			isa = PBXNativeTarget;
			buildConfigurationList = E417307C2BA0CBF2009B1F28 /* Build configuration list for PBXNativeTarget "VIPER" */;
			buildPhases = (
				E41730642BA0CBF1009B1F28 /* Sources */,
				E41730652BA0CBF1009B1F28 /* Frameworks */,
				E41730662BA0CBF1009B1F28 /* Resources */,
			);
			buildRules = (
			);
			dependencies = (
			);
			name = VIPER;
			productName = VIPER;
			productReference = E41730682BA0CBF1009B1F28 /* VIPER.app */;
			productType = "com.apple.product-type.application";
		};
/* End PBXNativeTarget section */

/* Begin PBXProject section */
		E41730602BA0CBF1009B1F28 /* Project object */ = {
			isa = PBXProject;
			attributes = {
				BuildIndependentTargetsInParallel = 1;
				LastSwiftUpdateCheck = 1530;
				LastUpgradeCheck = 1530;
				TargetAttributes = {
					E41730672BA0CBF1009B1F28 = {
						CreatedOnToolsVersion = 15.3;
					};
				};
			};
			buildConfigurationList = E41730632BA0CBF1009B1F28 /* Build configuration list for PBXProject "VIPER" */;
			compatibilityVersion = "Xcode 14.0";
			developmentRegion = en;
			hasScannedForEncodings = 0;
			knownRegions = (
				en,
				Base,
			);
			mainGroup = E417305F2BA0CBF1009B1F28;
			productRefGroup = E41730692BA0CBF1009B1F28 /* Products */;
			projectDirPath = "";
			projectRoot = "";
			targets = (
				E41730672BA0CBF1009B1F28 /* VIPER */,
			);
		};
/* End PBXProject section */

/* Begin PBXResourcesBuildPhase section */
		E41730662BA0CBF1009B1F28 /* Resources */ = {
			isa = PBXResourcesBuildPhase;
			buildActionMask = 2147483647;
			files = (
				E41730752BA0CBF2009B1F28 /* Assets.xcassets in Resources */,
				E41730782BA0CBF2009B1F28 /* Base in Resources */,
				E40652112BA27279007A493F /* ImageViewer.storyboard in Resources */,
				E41730732BA0CBF1009B1F28 /* Base in Resources */,
			);
			runOnlyForDeploymentPostprocessing = 0;
		};
/* End PBXResourcesBuildPhase section */

/* Begin PBXSourcesBuildPhase section */
		E41730642BA0CBF1009B1F28 /* Sources */ = {
			isa = PBXSourcesBuildPhase;
			buildActionMask = 2147483647;
			files = (
				E435EC412BA1084000AF165B /* WeatherService.swift in Sources */,
				E42A9D0C2BA206B9006F64C3 /* ImageViewerModuleBuilder.swift in Sources */,
				E41730702BA0CBF1009B1F28 /* OnboardingViewController.swift in Sources */,
				E42A9D0A2BA2069D006F64C3 /* ImageViewerRouter.swift in Sources */,
				E42A9D082BA20684006F64C3 /* ImageViewerPresenter.swift in Sources */,
				E417306C2BA0CBF1009B1F28 /* AppDelegate.swift in Sources */,
				E435EC4A2BA1244B00AF165B /* OnboardingModuleBuilder.swift in Sources */,
				E435EC482BA1232C00AF165B /* OnboardingInteractor.swift in Sources */,
				E435EC462BA11B6500AF165B /* OnboardingRouter.swift in Sources */,
				E42A9D062BA20669006F64C3 /* ImageViewerInteractor .swift in Sources */,
				E435EC442BA1195E00AF165B /* OnboardingPresenter.swift in Sources */,
				E417306E2BA0CBF1009B1F28 /* SceneDelegate.swift in Sources */,
				E42A9D042BA205EF006F64C3 /* ImageViewerViewController.swift in Sources */,
				E435EC3F2BA1080C00AF165B /* DateService.swift in Sources */,
			);
			runOnlyForDeploymentPostprocessing = 0;
		};
/* End PBXSourcesBuildPhase section */

/* Begin PBXVariantGroup section */
		E41730712BA0CBF1009B1F28 /* Main.storyboard */ = {
			isa = PBXVariantGroup;
			children = (
				E41730722BA0CBF1009B1F28 /* Base */,
			);
			name = Main.storyboard;
			sourceTree = "<group>";
		};
		E41730762BA0CBF2009B1F28 /* LaunchScreen.storyboard */ = {
			isa = PBXVariantGroup;
			children = (
				E41730772BA0CBF2009B1F28 /* Base */,
			);
			name = LaunchScreen.storyboard;
			sourceTree = "<group>";
		};
/* End PBXVariantGroup section */

/* Begin XCBuildConfiguration section */
		E417307A2BA0CBF2009B1F28 /* Debug */ = {
			isa = XCBuildConfiguration;
			buildSettings = {
				ALWAYS_SEARCH_USER_PATHS = NO;
				ASSETCATALOG_COMPILER_GENERATE_SWIFT_ASSET_SYMBOL_EXTENSIONS = YES;
				CLANG_ANALYZER_NONNULL = YES;
				CLANG_ANALYZER_NUMBER_OBJECT_CONVERSION = YES_AGGRESSIVE;
				CLANG_CXX_LANGUAGE_STANDARD = "gnu++20";
				CLANG_ENABLE_MODULES = YES;
				CLANG_ENABLE_OBJC_ARC = YES;
				CLANG_ENABLE_OBJC_WEAK = YES;
				CLANG_WARN_BLOCK_CAPTURE_AUTORELEASING = YES;
				CLANG_WARN_BOOL_CONVERSION = YES;
				CLANG_WARN_COMMA = YES;
				CLANG_WARN_CONSTANT_CONVERSION = YES;
				CLANG_WARN_DEPRECATED_OBJC_IMPLEMENTATIONS = YES;
				CLANG_WARN_DIRECT_OBJC_ISA_USAGE = YES_ERROR;
				CLANG_WARN_DOCUMENTATION_COMMENTS = YES;
				CLANG_WARN_EMPTY_BODY = YES;
				CLANG_WARN_ENUM_CONVERSION = YES;
				CLANG_WARN_INFINITE_RECURSION = YES;
				CLANG_WARN_INT_CONVERSION = YES;
				CLANG_WARN_NON_LITERAL_NULL_CONVERSION = YES;
				CLANG_WARN_OBJC_IMPLICIT_RETAIN_SELF = YES;
				CLANG_WARN_OBJC_LITERAL_CONVERSION = YES;
				CLANG_WARN_OBJC_ROOT_CLASS = YES_ERROR;
				CLANG_WARN_QUOTED_INCLUDE_IN_FRAMEWORK_HEADER = YES;
				CLANG_WARN_RANGE_LOOP_ANALYSIS = YES;
				CLANG_WARN_STRICT_PROTOTYPES = YES;
				CLANG_WARN_SUSPICIOUS_MOVE = YES;
				CLANG_WARN_UNGUARDED_AVAILABILITY = YES_AGGRESSIVE;
				CLANG_WARN_UNREACHABLE_CODE = YES;
				CLANG_WARN__DUPLICATE_METHOD_MATCH = YES;
				COPY_PHASE_STRIP = NO;
				DEBUG_INFORMATION_FORMAT = dwarf;
				ENABLE_STRICT_OBJC_MSGSEND = YES;
				ENABLE_TESTABILITY = YES;
				ENABLE_USER_SCRIPT_SANDBOXING = YES;
				GCC_C_LANGUAGE_STANDARD = gnu17;
				GCC_DYNAMIC_NO_PIC = NO;
				GCC_NO_COMMON_BLOCKS = YES;
				GCC_OPTIMIZATION_LEVEL = 0;
				GCC_PREPROCESSOR_DEFINITIONS = (
					"DEBUG=1",
					"$(inherited)",
				);
				GCC_WARN_64_TO_32_BIT_CONVERSION = YES;
				GCC_WARN_ABOUT_RETURN_TYPE = YES_ERROR;
				GCC_WARN_UNDECLARED_SELECTOR = YES;
				GCC_WARN_UNINITIALIZED_AUTOS = YES_AGGRESSIVE;
				GCC_WARN_UNUSED_FUNCTION = YES;
				GCC_WARN_UNUSED_VARIABLE = YES;
				IPHONEOS_DEPLOYMENT_TARGET = 16.0;
				LOCALIZATION_PREFERS_STRING_CATALOGS = YES;
				MTL_ENABLE_DEBUG_INFO = INCLUDE_SOURCE;
				MTL_FAST_MATH = YES;
				ONLY_ACTIVE_ARCH = YES;
				SDKROOT = iphoneos;
				SWIFT_ACTIVE_COMPILATION_CONDITIONS = "DEBUG $(inherited)";
				SWIFT_OPTIMIZATION_LEVEL = "-Onone";
			};
			name = Debug;
		};
		E417307B2BA0CBF2009B1F28 /* Release */ = {
			isa = XCBuildConfiguration;
			buildSettings = {
				ALWAYS_SEARCH_USER_PATHS = NO;
				ASSETCATALOG_COMPILER_GENERATE_SWIFT_ASSET_SYMBOL_EXTENSIONS = YES;
				CLANG_ANALYZER_NONNULL = YES;
				CLANG_ANALYZER_NUMBER_OBJECT_CONVERSION = YES_AGGRESSIVE;
				CLANG_CXX_LANGUAGE_STANDARD = "gnu++20";
				CLANG_ENABLE_MODULES = YES;
				CLANG_ENABLE_OBJC_ARC = YES;
				CLANG_ENABLE_OBJC_WEAK = YES;
				CLANG_WARN_BLOCK_CAPTURE_AUTORELEASING = YES;
				CLANG_WARN_BOOL_CONVERSION = YES;
				CLANG_WARN_COMMA = YES;
				CLANG_WARN_CONSTANT_CONVERSION = YES;
				CLANG_WARN_DEPRECATED_OBJC_IMPLEMENTATIONS = YES;
				CLANG_WARN_DIRECT_OBJC_ISA_USAGE = YES_ERROR;
				CLANG_WARN_DOCUMENTATION_COMMENTS = YES;
				CLANG_WARN_EMPTY_BODY = YES;
				CLANG_WARN_ENUM_CONVERSION = YES;
				CLANG_WARN_INFINITE_RECURSION = YES;
				CLANG_WARN_INT_CONVERSION = YES;
				CLANG_WARN_NON_LITERAL_NULL_CONVERSION = YES;
				CLANG_WARN_OBJC_IMPLICIT_RETAIN_SELF = YES;
				CLANG_WARN_OBJC_LITERAL_CONVERSION = YES;
				CLANG_WARN_OBJC_ROOT_CLASS = YES_ERROR;
				CLANG_WARN_QUOTED_INCLUDE_IN_FRAMEWORK_HEADER = YES;
				CLANG_WARN_RANGE_LOOP_ANALYSIS = YES;
				CLANG_WARN_STRICT_PROTOTYPES = YES;
				CLANG_WARN_SUSPICIOUS_MOVE = YES;
				CLANG_WARN_UNGUARDED_AVAILABILITY = YES_AGGRESSIVE;
				CLANG_WARN_UNREACHABLE_CODE = YES;
				CLANG_WARN__DUPLICATE_METHOD_MATCH = YES;
				COPY_PHASE_STRIP = NO;
				DEBUG_INFORMATION_FORMAT = "dwarf-with-dsym";
				ENABLE_NS_ASSERTIONS = NO;
				ENABLE_STRICT_OBJC_MSGSEND = YES;
				ENABLE_USER_SCRIPT_SANDBOXING = YES;
				GCC_C_LANGUAGE_STANDARD = gnu17;
				GCC_NO_COMMON_BLOCKS = YES;
				GCC_WARN_64_TO_32_BIT_CONVERSION = YES;
				GCC_WARN_ABOUT_RETURN_TYPE = YES_ERROR;
				GCC_WARN_UNDECLARED_SELECTOR = YES;
				GCC_WARN_UNINITIALIZED_AUTOS = YES_AGGRESSIVE;
				GCC_WARN_UNUSED_FUNCTION = YES;
				GCC_WARN_UNUSED_VARIABLE = YES;
				IPHONEOS_DEPLOYMENT_TARGET = 16.0;
				LOCALIZATION_PREFERS_STRING_CATALOGS = YES;
				MTL_ENABLE_DEBUG_INFO = NO;
				MTL_FAST_MATH = YES;
				SDKROOT = iphoneos;
				SWIFT_COMPILATION_MODE = wholemodule;
				VALIDATE_PRODUCT = YES;
			};
			name = Release;
		};
		E417307D2BA0CBF2009B1F28 /* Debug */ = {
			isa = XCBuildConfiguration;
			buildSettings = {
				ASSETCATALOG_COMPILER_APPICON_NAME = AppIcon;
				ASSETCATALOG_COMPILER_GLOBAL_ACCENT_COLOR_NAME = AccentColor;
				CODE_SIGN_STYLE = Automatic;
				CURRENT_PROJECT_VERSION = 1;
				DEVELOPMENT_TEAM = 748RM22H5Z;
				GENERATE_INFOPLIST_FILE = YES;
				INFOPLIST_FILE = VIPER/Resources/Info.plist;
				INFOPLIST_KEY_UIApplicationSupportsIndirectInputEvents = YES;
				INFOPLIST_KEY_UILaunchStoryboardName = LaunchScreen;
				INFOPLIST_KEY_UIMainStoryboardFile = Main;
				INFOPLIST_KEY_UISupportedInterfaceOrientations_iPad = "UIInterfaceOrientationPortrait UIInterfaceOrientationPortraitUpsideDown UIInterfaceOrientationLandscapeLeft UIInterfaceOrientationLandscapeRight";
				INFOPLIST_KEY_UISupportedInterfaceOrientations_iPhone = "UIInterfaceOrientationPortrait UIInterfaceOrientationLandscapeLeft UIInterfaceOrientationLandscapeRight";
				LD_RUNPATH_SEARCH_PATHS = (
					"$(inherited)",
					"@executable_path/Frameworks",
				);
				MARKETING_VERSION = 1.0;
				PRODUCT_BUNDLE_IDENTIFIER = EliId.VIPER;
				PRODUCT_NAME = "$(TARGET_NAME)";
				SWIFT_EMIT_LOC_STRINGS = YES;
				SWIFT_VERSION = 5.0;
				TARGETED_DEVICE_FAMILY = "1,2";
			};
			name = Debug;
		};
		E417307E2BA0CBF2009B1F28 /* Release */ = {
			isa = XCBuildConfiguration;
			buildSettings = {
				ASSETCATALOG_COMPILER_APPICON_NAME = AppIcon;
				ASSETCATALOG_COMPILER_GLOBAL_ACCENT_COLOR_NAME = AccentColor;
				CODE_SIGN_STYLE = Automatic;
				CURRENT_PROJECT_VERSION = 1;
				DEVELOPMENT_TEAM = 748RM22H5Z;
				GENERATE_INFOPLIST_FILE = YES;
				INFOPLIST_FILE = VIPER/Resources/Info.plist;
				INFOPLIST_KEY_UIApplicationSupportsIndirectInputEvents = YES;
				INFOPLIST_KEY_UILaunchStoryboardName = LaunchScreen;
				INFOPLIST_KEY_UIMainStoryboardFile = Main;
				INFOPLIST_KEY_UISupportedInterfaceOrientations_iPad = "UIInterfaceOrientationPortrait UIInterfaceOrientationPortraitUpsideDown UIInterfaceOrientationLandscapeLeft UIInterfaceOrientationLandscapeRight";
				INFOPLIST_KEY_UISupportedInterfaceOrientations_iPhone = "UIInterfaceOrientationPortrait UIInterfaceOrientationLandscapeLeft UIInterfaceOrientationLandscapeRight";
				LD_RUNPATH_SEARCH_PATHS = (
					"$(inherited)",
					"@executable_path/Frameworks",
				);
				MARKETING_VERSION = 1.0;
				PRODUCT_BUNDLE_IDENTIFIER = EliId.VIPER;
				PRODUCT_NAME = "$(TARGET_NAME)";
				SWIFT_EMIT_LOC_STRINGS = YES;
				SWIFT_VERSION = 5.0;
				TARGETED_DEVICE_FAMILY = "1,2";
			};
			name = Release;
		};
/* End XCBuildConfiguration section */

/* Begin XCConfigurationList section */
		E41730632BA0CBF1009B1F28 /* Build configuration list for PBXProject "VIPER" */ = {
			isa = XCConfigurationList;
			buildConfigurations = (
				E417307A2BA0CBF2009B1F28 /* Debug */,
				E417307B2BA0CBF2009B1F28 /* Release */,
			);
			defaultConfigurationIsVisible = 0;
			defaultConfigurationName = Release;
		};
		E417307C2BA0CBF2009B1F28 /* Build configuration list for PBXNativeTarget "VIPER" */ = {
			isa = XCConfigurationList;
			buildConfigurations = (
				E417307D2BA0CBF2009B1F28 /* Debug */,
				E417307E2BA0CBF2009B1F28 /* Release */,
			);
			defaultConfigurationIsVisible = 0;
			defaultConfigurationName = Release;
		};
/* End XCConfigurationList section */
	};
	rootObject = E41730602BA0CBF1009B1F28 /* Project object */;
}
